<?xml version="1.0" encoding="utf-8"?>
<Project DefaultTargets="Build" ToolsVersion="4.0" xmlns="http://schemas.microsoft.com/developer/msbuild/2003">
  <ItemGroup>
    <ResourceCompile Include="Indie-Studio.rc" />
    <Image Include="Indie-Studio.ico" />
  </ItemGroup>
  <ItemGroup>
    <ClCompile Include="src\CameraMan.cpp" />
    <ClCompile Include="src\main.cpp" />
    <ClCompile Include="src\DotSceneLoader.cpp" />
    <ClCompile Include="src\Socket.cpp" />
    <ClCompile Include="src\Player.cpp" />
    <ClCompile Include="src\Menu.cpp" />
    <ClCompile Include="src\Indie.cpp" />
    <ClCompile Include="src\GameStateManager.cpp" />
    <ClCompile Include="src\Entity.cpp" />
    <ClCompile Include="src\SplashScreen.cpp" />
    <ClCompile Include="src\AllSpells.cpp" />
    <ClCompile Include="src\Collision.cpp" />
    <ClCompile Include="src\Dungeon.cpp" />
    <ClCompile Include="src\GameLogic.cpp" />
    <ClCompile Include="src\Mobs.cpp" />
    <ClCompile Include="src\Spell.cpp" />
    <ClCompile Include="src\SpellManager.cpp" />
    <ClCompile Include="src\WorkingQueue.cpp" />
  </ItemGroup>
  <ItemGroup>
    <ClInclude Include="include\CameraMan.hpp" />
    <ClInclude Include="include\DotSceneLoader.h" />
    <ClInclude Include="include\rapidxml.hpp" />
    <ClInclude Include="include\rapidxml_iterators.hpp" />
    <ClInclude Include="include\rapidxml_print.hpp" />
    <ClInclude Include="include\rapidxml_utils.hpp" />
    <ClInclude Include="include\sio_client.h" />
    <ClInclude Include="include\sio_message.h" />
    <ClInclude Include="include\sio_socket.h" />
    <ClInclude Include="include\Entity.hpp" />
    <ClInclude Include="include\GameState.hpp" />
    <ClInclude Include="include\GameStateManager.hpp" />
    <ClInclude Include="include\Indie.hpp" />
    <ClInclude Include="include\Menu.hpp" />
    <ClInclude Include="include\Player.hpp" />
    <ClInclude Include="include\Socket.hpp" />
    <ClInclude Include="include\Core.hpp" />
    <ClInclude Include="include\SplashScreen.hpp" />
    <ClInclude Include="include\AllSpells.hpp" />
    <ClInclude Include="include\Collision.h" />
    <ClInclude Include="include\Dungeon.hpp" />
    <ClInclude Include="include\GameLogic.hpp" />
    <ClInclude Include="include\Mobs.hpp" />
    <ClInclude Include="include\PFXSSAO.hpp" />
    <ClInclude Include="include\Spell.hpp" />
    <ClInclude Include="include\SpellManager.hpp" />
    <ClInclude Include="include\Utils.hpp" />
    <ClInclude Include="src\WorkingQueue.hpp" />
    <ClInclude Include="include\WorkingQueue.hpp" />
  </ItemGroup>
  <ItemGroup>
    <Media Include="media\map\jinxMono.wav" />
  </ItemGroup>
  <ItemGroup>
    <Image Include="media\characters\materials\textures\GreenSkin.jpg" />
    <Image Include="media\characters\materials\textures\spheremap.png" />
    <Image Include="media\characters\materials\textures\tusk.jpg" />
    <Image Include="media\map\CastleAtlas_lit.jpg" />
    <Image Include="media\map\GardenAtlas.jpg" />
    <Image Include="media\map\SKYBOX_sphere.jpg" />
    <Image Include="media\map\TreeAtlas.jpg" />
    <Image Include="media\map\Windows.png" />
    <Image Include="media\particles\textures\flare.png" />
    <Image Include="media\particles\textures\aureola.png" />
    <Image Include="media\particles\textures\basic_droplet.png" />
    <Image Include="media\particles\textures\flaretrail.png" />
    <Image Include="media\particles\textures\rockwall.tga" />
    <Image Include="media\particles\textures\RustySteel.jpg" />
    <Image Include="media\particles\textures\Cross.001.png" />
    <Image Include="media\particles\textures\Fireball.000.png" />
    <Image Include="media\particles\textures\Fireball.001.png" />
    <Image Include="media\particles\textures\Flare.000.png" />
    <Image Include="media\particles\textures\Flare.001.png" />
    <Image Include="media\particles\textures\flare_alpha.dds" />
    <Image Include="media\particles\textures\HeatLookup.tga" />
    <Image Include="media\particles\textures\Hidden.002_grey.png" />
    <Image Include="media\particles\textures\particle.dds" />
    <Image Include="media\particles\textures\smoke.png" />
    <Image Include="media\particles\textures\smokecolors.png" />
    <Image Include="media\particles\textures\spacesky.jpg" />
    <Image Include="media\particles\textures\spheremap.png" />
    <Image Include="media\particles\textures\spine_strips.dds" />
    <Image Include="media\particles\textures\Thunder1_0.png" />
    <Image Include="media\particles\textures\Thunder1_1.png" />
    <Image Include="media\particles\textures\Thunder1_2.png" />
    <Image Include="media\particles\textures\Thunder1_3.png" />
    <Image Include="media\particles\textures\Thunder1_4.png" />
    <Image Include="media\particles\textures\Thunder1_5.png" />
    <Image Include="media\particles\textures\Water01.jpg" />
    <Image Include="media\particles\textures\Water02.jpg" />
    <Image Include="media\particles\textures\WaterNormal1.tga" />
    <Image Include="media\particles\textures\WaterNormal2.tga" />
    <Image Include="media\particles\textures\waveNM.png" />
    <Image Include="media\particles\textures\waves2.dds" />
    <Image Include="media\dungeon\ColorTexture_D.png" />
    <Image Include="media\particles\textures\Stalactite.png" />
    <Image Include="media\spells\cross\particle\Cross.png" />
    <Image Include="media\spells\fireball\particle\Fireball.png" />
    <Image Include="media\spells\fireball\objs\tex1.png" />
    <Image Include="media\spells\fireball\objs\tex2.png" />
    <Image Include="media\spells\fireball\objs\tex3.png" />
    <Image Include="media\spells\fireball\objs\tex4.png" />
    <Image Include="media\spells\fireball\objs\tex5.png" />
    <Image Include="media\spells\fireball\objs\tex6.png" />
    <Image Include="media\spells\fireball\objs\tex7.png" />
    <Image Include="media\spells\fireball\objs\tex8.png" />
    <Image Include="media\spells\fireball\objs\tex9.png" />
    <Image Include="media\spells\fireball\objs\tex10.png" />
    <Image Include="media\spells\fireball\objs\tex11.png" />
    <Image Include="media\spells\fireball\objs\tex12.png" />
    <Image Include="media\spells\fireball\objs\tex13.png" />
    <Image Include="media\spells\fireball\objs\tex14.png" />
    <Image Include="media\spells\fireball\objs\tex15.png" />
    <Image Include="media\spells\fireball\objs\tex16.png" />
    <Image Include="media\spells\firewall\particle\Firewall.png" />
    <Image Include="media\spells\heal\particle\Heal.png" />
    <Image Include="media\spells\stalactite\objs\skstalactiteTex0.png" />
    <Image Include="media\spells\stalactite\particle\Stalactite.png" />
    <Image Include="media\spells\stone\objs\enemy_rock2_s3tc.png" />
    <Image Include="media\spells\thunder\particle\Thunder1_0.png" />
    <Image Include="media\spells\thunder\particle\Thunder1_1.png" />
    <Image Include="media\spells\thunder\particle\Thunder1_2.png" />
    <Image Include="media\spells\thunder\particle\Thunder1_3.png" />
    <Image Include="media\spells\thunder\particle\Thunder1_4.png" />
    <Image Include="media\spells\thunder\particle\Thunder1_5.png" />
  </ItemGroup>
  <ItemGroup>
    <None Include=".clang_complete" />
    <None Include="CMakeFiles\3.7.2\CMakeCXXCompiler.cmake" />
    <None Include="CMakeFiles\3.7.2\CMakeDetermineCompilerABI_CXX.bin" />
    <None Include="CMakeFiles\3.7.2\CMakeSystem.cmake" />
    <None Include="CMakeFiles\cmake.check_cache" />
    <None Include="CMakeFiles\feature_tests.bin" />
    <None Include="Configuration.props" />
    <None Include="dist\bin\plugins.cfg" />
    <None Include="dist\bin\plugins_d.cfg" />
    <None Include="dist\bin\resources.cfg" />
    <None Include="dist\bin\resources_d.cfg" />
    <None Include="lib\sioclient.dll" />
    <None Include="media\characters\materials\scripts\Ogre.material" />
    <None Include="media\characters\models\Barrel.mesh" />
    <None Include="media\characters\models\dwarf.mesh" />
    <None Include="media\characters\models\Dwarf.skeleton" />
    <None Include="media\characters\models\fence4.mesh" />
    <None Include="media\characters\models\hang.bridge.01.mesh" />
    <None Include="media\characters\models\highlanderhouse.01.mesh" />
    <None Include="media\characters\models\Ogre.mesh" />
    <None Include="media\characters\models\Ogre.skeleton" />
    <None Include="media\characters\models\rock.05.mesh" />
    <None Include="media\characters\models\rock.07.mesh" />
    <None Include="media\characters\models\skeltorch.mesh" />
    <None Include="media\characters\models\tree.05.mesh" />
    <None Include="media\characters\models\tree.07.mesh" />
    <None Include="media\characters\models\tree.09.mesh" />
    <None Include="media\map\Castle.001.material" />
    <None Include="media\map\Cube.002.mesh" />
    <None Include="media\map\Garden.material" />
    <None Include="media\map\map.scene" />
    <None Include="media\map\Material.material" />
    <None Include="media\map\Plane.004.mesh" />
    <None Include="media\map\Plane.312.mesh" />
    <None Include="media\map\Plane.313.mesh" />
    <None Include="media\map\Tree.001.material" />
    <None Include="media\map\Tree.001.mesh" />
    <None Include="media\map\Tree.002.mesh" />
    <None Include="media\map\Tree.003.mesh" />
    <None Include="media\map\Tree.004.mesh" />
    <None Include="media\map\Tree.005.mesh" />
    <None Include="media\map\Tree.006.mesh" />
    <None Include="media\map\Tree.007.mesh" />
    <None Include="media\map\Tree.008.mesh" />
    <None Include="media\map\Tree.009.mesh" />
    <None Include="media\map\Tree.010.mesh" />
    <None Include="media\map\Tree.011.mesh" />
    <None Include="media\map\Tree.012.mesh" />
    <None Include="media\map\Tree.013.mesh" />
    <None Include="media\map\Tree.014.mesh" />
    <None Include="media\map\Tree.015.mesh" />
    <None Include="media\map\Tree.016.mesh" />
    <None Include="media\map\Tree.017.mesh" />
    <None Include="media\map\Tree.018.mesh" />
    <None Include="media\map\Tree.019.mesh" />
    <None Include="media\map\Tree.020.mesh" />
    <None Include="media\map\Tree.021.mesh" />
    <None Include="media\map\Tree.022.mesh" />
    <None Include="media\map\Tree.023.mesh" />
    <None Include="media\map\Tree.024.mesh" />
    <None Include="media\map\Tree.025.mesh" />
    <None Include="media\map\Tree.mesh" />
    <None Include="media\map\Windows.001.material" />
    <None Include="src\particles\sun.particle" />
    <None Include="media\particles\materials\DepthShadowmap.material" />
    <None Include="media\particles\materials\DualQuaternion.material" />
    <None Include="media\particles\materials\DualQuaternion.program" />
    <None Include="media\particles\materials\hdr.material" />
    <None Include="media\particles\materials\Instancing.program" />
    <None Include="media\particles\materials\InstancingMisc.material" />
    <None Include="dist\plugins.cfg" />
    <None Include="dist\resources.cfg" />
    <None Include="media\particles\materials\fireball.material" />
    <None Include="media\particles\particles\fireball.particle" />
    <None Include="media\particles\particles\heal.particle" />
    <None Include="media\particles\particles\stalactite.particle" />
    <None Include="media\particles\materials\stalactite.material" />
    <None Include="media\particles\particles\Crossbuff.particle" />
    <None Include="media\particles\particles\Firewall.particle" />
    <None Include="media\particles\particles\Spiral.particle" />
    <None Include="media\particles\particles\Thunderstorm.particle" />
    <None Include="media\particles\materials\Flare.000.material" />
    <None Include="media\particles\materials\Flare.001.material" />
    <None Include="media\particles\materials\Hidden.002_grey.material" />
    <None Include="media\particles\materials\Firewall.material" />
    <None Include="media\particles\materials\Cross.material" />
    <None Include="media\particles\materials\heal.material" />
    <None Include="media\particles\materials\Thunder.material" />
    <None Include="media\spells\cross\particle\Cross.material" />
    <None Include="media\spells\cross\particle\Crossbuff.particle" />
    <None Include="media\spells\fireball\particle\Fireball.material" />
    <None Include="media\spells\fireball\particle\Fireball.particle" />
    <None Include="media\spells\fireball\objs\blender2ogre-export.material" />
    <None Include="media\spells\fireball\objs\fireball.mesh" />
    <None Include="media\spells\firewall\particle\Firewall.material" />
    <None Include="media\spells\firewall\particle\Firewall.particle" />
    <None Include="media\spells\heal\particle\Heal.material" />
    <None Include="media\spells\heal\particle\Heal.particle" />
    <None Include="media\spells\stalactite\objs\blender2ogre-export.material" />
    <None Include="media\spells\stalactite\objs\stalactite.mesh" />
    <None Include="media\spells\stalactite\particle\Stalactite.material" />
    <None Include="media\spells\stalactite\particle\Stalactite.particle" />
    <None Include="media\spells\stone\objs\blender2ogre-export.material" />
    <None Include="media\spells\stone\objs\stone.mesh" />
    <None Include="media\spells\thunder\particle\Thunder.material" />
    <None Include="media\spells\thunder\particle\Thunderstorm.particle" />
  </ItemGroup>
  <ItemGroup>
    <Text Include="CMakeFiles\CMakeOutput.log" />
    <Text Include="media\characters\models\model_license.txt" />
    <Text Include="media\characters\models\ogre.info.txt" />
    <Text Include="media\characters\models\ogre_model_license.txt" />
  </ItemGroup>
</Project>