<?xml version="1.0" encoding="utf-8"?>
<Project DefaultTargets="Build" ToolsVersion="4.0" xmlns="http://schemas.microsoft.com/developer/msbuild/2003">
  <ItemGroup>
    <ResourceCompile Include="Indie-Studio.rc" />
    <Image Include="Indie-Studio.ico" />
  </ItemGroup>
  <ItemGroup>
    <ClCompile Include="src\CameraMan.cpp" />
    <ClCompile Include="src\main.cpp" />
    <ClCompile Include="src\DotSceneLoader.cpp" />
    <ClCompile Include="src\Socket.cpp" />
    <ClCompile Include="src\Player.cpp" />
    <ClCompile Include="src\Menu.cpp" />
    <ClCompile Include="src\Indie.cpp" />
    <ClCompile Include="src\GameStateManager.cpp" />
    <ClCompile Include="src\Entity.cpp" />
    <ClCompile Include="src\SplashScreen.cpp" />
    <ClCompile Include="src\AllSpells.cpp" />
    <ClCompile Include="src\Collision.cpp" />
    <ClCompile Include="src\Dungeon.cpp" />
    <ClCompile Include="src\GameLogic.cpp" />
    <ClCompile Include="src\Mobs.cpp" />
    <ClCompile Include="src\Spell.cpp" />
    <ClCompile Include="src\SpellManager.cpp" />
    <ClCompile Include="src\WorkingQueue.cpp" />
  </ItemGroup>
  <ItemGroup>
    <ClInclude Include="include\CameraMan.hpp" />
    <ClInclude Include="include\DotSceneLoader.h" />
    <ClInclude Include="include\rapidxml.hpp" />
    <ClInclude Include="include\rapidxml_iterators.hpp" />
    <ClInclude Include="include\rapidxml_print.hpp" />
    <ClInclude Include="include\rapidxml_utils.hpp" />
    <ClInclude Include="include\sio_client.h" />
    <ClInclude Include="include\sio_message.h" />
    <ClInclude Include="include\sio_socket.h" />
    <ClInclude Include="include\Entity.hpp" />
    <ClInclude Include="include\GameState.hpp" />
    <ClInclude Include="include\GameStateManager.hpp" />
    <ClInclude Include="include\Indie.hpp" />
    <ClInclude Include="include\Menu.hpp" />
    <ClInclude Include="include\Player.hpp" />
    <ClInclude Include="include\Socket.hpp" />
    <ClInclude Include="include\Core.hpp" />
    <ClInclude Include="include\SplashScreen.hpp" />
    <ClInclude Include="include\AllSpells.hpp" />
    <ClInclude Include="include\Collision.h" />
    <ClInclude Include="include\Dungeon.hpp" />
    <ClInclude Include="include\GameLogic.hpp" />
    <ClInclude Include="include\Mobs.hpp" />
    <ClInclude Include="include\PFXSSAO.hpp" />
    <ClInclude Include="include\Spell.hpp" />
    <ClInclude Include="include\SpellManager.hpp" />
    <ClInclude Include="include\Utils.hpp" />
    <ClInclude Include="src\WorkingQueue.hpp" />
  </ItemGroup>
  <ItemGroup>
    <Media Include="media\map\jinxMono.wav" />
  </ItemGroup>
  <ItemGroup>
    <Image Include="media\characters\materials\textures\GreenSkin.jpg" />
    <Image Include="media\characters\materials\textures\spheremap.png" />
    <Image Include="media\characters\materials\textures\tusk.jpg" />
    <Image Include="media\map\CastleAtlas_lit.jpg" />
    <Image Include="media\map\GardenAtlas.jpg" />
    <Image Include="media\map\SKYBOX_sphere.jpg" />
    <Image Include="media\map\TreeAtlas.jpg" />
    <Image Include="media\map\Windows.png" />
    <Image Include="media\particles\textures\flare.png" />
    <Image Include="media\particles\textures\aureola.png" />
    <Image Include="media\particles\textures\basic_droplet.png" />
    <Image Include="media\particles\textures\flaretrail.png" />
    <Image Include="media\particles\textures\rockwall.tga" />
    <Image Include="media\particles\textures\RustySteel.jpg" />
  </ItemGroup>
  <ItemGroup>
    <None Include=".clang_complete" />
    <None Include="CMakeFiles\3.7.2\CMakeCXXCompiler.cmake" />
    <None Include="CMakeFiles\3.7.2\CMakeDetermineCompilerABI_CXX.bin" />
    <None Include="CMakeFiles\3.7.2\CMakeSystem.cmake" />
    <None Include="CMakeFiles\cmake.check_cache" />
    <None Include="CMakeFiles\feature_tests.bin" />
    <None Include="Configuration.props" />
    <None Include="dist\bin\plugins.cfg" />
    <None Include="dist\bin\plugins_d.cfg" />
    <None Include="dist\bin\resources.cfg" />
    <None Include="dist\bin\resources_d.cfg" />
    <None Include="lib\sioclient.dll" />
    <None Include="media\characters\materials\scripts\Ogre.material" />
    <None Include="media\characters\models\Barrel.mesh" />
    <None Include="media\characters\models\dwarf.mesh" />
    <None Include="media\characters\models\Dwarf.skeleton" />
    <None Include="media\characters\models\fence4.mesh" />
    <None Include="media\characters\models\hang.bridge.01.mesh" />
    <None Include="media\characters\models\highlanderhouse.01.mesh" />
    <None Include="media\characters\models\Ogre.mesh" />
    <None Include="media\characters\models\Ogre.skeleton" />
    <None Include="media\characters\models\rock.05.mesh" />
    <None Include="media\characters\models\rock.07.mesh" />
    <None Include="media\characters\models\skeltorch.mesh" />
    <None Include="media\characters\models\tree.05.mesh" />
    <None Include="media\characters\models\tree.07.mesh" />
    <None Include="media\characters\models\tree.09.mesh" />
    <None Include="media\map\Castle.001.material" />
    <None Include="media\map\Cube.002.mesh" />
    <None Include="media\map\Garden.material" />
    <None Include="media\map\map.scene" />
    <None Include="media\map\Material.material" />
    <None Include="media\map\Plane.004.mesh" />
    <None Include="media\map\Plane.312.mesh" />
    <None Include="media\map\Plane.313.mesh" />
    <None Include="media\map\Tree.001.material" />
    <None Include="media\map\Tree.001.mesh" />
    <None Include="media\map\Tree.002.mesh" />
    <None Include="media\map\Tree.003.mesh" />
    <None Include="media\map\Tree.004.mesh" />
    <None Include="media\map\Tree.005.mesh" />
    <None Include="media\map\Tree.006.mesh" />
    <None Include="media\map\Tree.007.mesh" />
    <None Include="media\map\Tree.008.mesh" />
    <None Include="media\map\Tree.009.mesh" />
    <None Include="media\map\Tree.010.mesh" />
    <None Include="media\map\Tree.011.mesh" />
    <None Include="media\map\Tree.012.mesh" />
    <None Include="media\map\Tree.013.mesh" />
    <None Include="media\map\Tree.014.mesh" />
    <None Include="media\map\Tree.015.mesh" />
    <None Include="media\map\Tree.016.mesh" />
    <None Include="media\map\Tree.017.mesh" />
    <None Include="media\map\Tree.018.mesh" />
    <None Include="media\map\Tree.019.mesh" />
    <None Include="media\map\Tree.020.mesh" />
    <None Include="media\map\Tree.021.mesh" />
    <None Include="media\map\Tree.022.mesh" />
    <None Include="media\map\Tree.023.mesh" />
    <None Include="media\map\Tree.024.mesh" />
    <None Include="media\map\Tree.025.mesh" />
    <None Include="media\map\Tree.mesh" />
    <None Include="media\map\Windows.001.material" />
    <None Include="src\particles\sun.particle" />
    <None Include="media\particles\particles\sun.particle" />
    <None Include="media\particles\materials\spell.material" />
    <None Include="media\particles\particles\spell.particle" />
    <None Include="media\particles\materials\AdaptivePNTrianglesTessellation.material" />
    <None Include="media\particles\materials\ASCII.material" />
    <None Include="media\particles\materials\AtomicCounters.material" />
    <None Include="media\particles\materials\BlackAndWhite.material" />
    <None Include="media\particles\materials\Bloom.material" />
    <None Include="media\particles\materials\Bloom2.material" />
    <None Include="media\particles\materials\CompositorDemo.material" />
    <None Include="media\particles\materials\Compute.material" />
    <None Include="media\particles\materials\DepthShadowmap.material" />
    <None Include="media\particles\materials\Dither.material" />
    <None Include="media\particles\materials\DOF.material" />
    <None Include="media\particles\materials\DualQuaternion.material" />
    <None Include="media\particles\materials\DualQuaternion.program" />
    <None Include="media\particles\materials\Embossed.material" />
    <None Include="media\particles\materials\Examples-Advanced.material" />
    <None Include="media\particles\materials\Examples-DynTex.material" />
    <None Include="media\particles\materials\Examples-Water.material" />
    <None Include="media\particles\materials\facial.material" />
    <None Include="media\particles\materials\FluidSim.material" />
    <None Include="media\particles\materials\Glass.material" />
    <None Include="media\particles\materials\Hair.material" />
    <None Include="media\particles\materials\Halftone.material" />
    <None Include="media\particles\materials\hdr.material" />
    <None Include="media\particles\materials\HeatVision.material" />
    <None Include="media\particles\materials\Hurt.material" />
    <None Include="media\particles\materials\HW_VTF_LUTInstancing.material" />
    <None Include="media\particles\materials\HW_VTFInstancing.material" />
    <None Include="media\particles\materials\HWInstancing.material" />
    <None Include="media\particles\materials\instancing.material" />
    <None Include="media\particles\materials\Instancing.program" />
    <None Include="media\particles\materials\InstancingMisc.material" />
    <None Include="media\particles\materials\Invert.material" />
    <None Include="media\particles\materials\Island.material" />
    <None Include="media\particles\materials\IsoSurf.material" />
    <None Include="media\particles\materials\Laplace.material" />
    <None Include="media\particles\materials\MotionBlur.material" />
    <None Include="media\particles\materials\MRTtest.material" />
    <None Include="media\particles\materials\NightVision.material" />
    <None Include="media\particles\materials\Ocean.controls" />
    <None Include="media\particles\materials\Ocean.material" />
    <None Include="media\particles\materials\OffsetMapping.material" />
    <None Include="media\particles\materials\OldMovie.material" />
    <None Include="media\particles\materials\OldTV.material" />
    <None Include="media\particles\materials\ParticleGS.material" />
    <None Include="media\particles\materials\Penguin.material" />
    <None Include="media\particles\materials\Posterize.material" />
    <None Include="media\particles\materials\pssm.material" />
    <None Include="media\particles\materials\RadialBlur.material" />
    <None Include="media\particles\materials\RasterizationOrder.material" />
    <None Include="media\particles\materials\RZR-002.material" />
    <None Include="media\particles\materials\ShaderInstancing.material" />
    <None Include="media\particles\materials\ShaderSystem.material" />
    <None Include="media\particles\materials\shadows.material" />
    <None Include="media\particles\materials\SharpenEdges.material" />
    <None Include="media\particles\materials\sibenik.material" />
    <None Include="media\particles\materials\smoke.material" />
    <None Include="media\particles\materials\StdQuad_vp.program" />
    <None Include="media\particles\materials\Swizzle.material" />
    <None Include="media\particles\materials\TerrainTessellation.material" />
    <None Include="media\particles\materials\Tessellation.material" />
    <None Include="media\particles\materials\TextureAtlasSampleOrg.tai" />
    <None Include="media\particles\materials\TextureAtlasSampleWrap.tai" />
    <None Include="media\particles\materials\Tiling.material" />
    <None Include="media\particles\materials\VarianceShadowmap.material" />
    <None Include="media\particles\materials\VTFInstancing.material" />
    <None Include="media\particles\particles\smoke.particle" />
    <None Include="media\particles\materials\Examples.material" />
    <None Include="dist\plugins.cfg" />
    <None Include="dist\resources.cfg" />
  </ItemGroup>
  <ItemGroup>
    <Text Include="CMakeFiles\CMakeOutput.log" />
    <Text Include="media\characters\models\model_license.txt" />
    <Text Include="media\characters\models\ogre.info.txt" />
    <Text Include="media\characters\models\ogre_model_license.txt" />
  </ItemGroup>
</Project>